
Microsoft Visual Studio Solution File, Format Version 12.00
# Visual Studio Version 17
VisualStudioVersion = 17.3.32922.545
MinimumVisualStudioVersion = 10.0.40219.1
Project("{FAE04EC0-301F-11D3-BF4B-00C04F79EFBC}") = "Events_with_LINQ", "Events_with_LINQ\Events_with_LINQ.csproj", "{D1169453-AC5F-4D6A-9B68-EFF332C498D4}"
EndProject
Global
	GlobalSection(SolutionConfigurationPlatforms) = preSolution
		Debug|Any CPU = Debug|Any CPU
		Release|Any CPU = Release|Any CPU
	EndGlobalSection
	GlobalSection(ProjectConfigurationPlatforms) = postSolution
		{D1169453-AC5F-4D6A-9B68-EFF332C498D4}.Debug|Any CPU.ActiveCfg = Debug|Any CPU
		{D1169453-AC5F-4D6A-9B68-EFF332C498D4}.Debug|Any CPU.Build.0 = Debug|Any CPU
		{D1169453-AC5F-4D6A-9B68-EFF332C498D4}.Release|Any CPU.ActiveCfg = Release|Any CPU
		{D1169453-AC5F-4D6A-9B68-EFF332C498D4}.Release|Any CPU.Build.0 = Release|Any CPU
	EndGlobalSection
	GlobalSection(SolutionProperties) = preSolution
		HideSolutionNode = FALSE
	EndGlobalSection
	GlobalSection(ExtensibilityGlobals) = postSolution
		SolutionGuid = {E37A7887-259C-4E46-84C7-047DD11CF7C9}
	EndGlobalSection
EndGlobal
